# THIS IS AN AUTOGENERATED FILE. DO NOT EDIT THIS FILE DIRECTLY.
# yarn lockfile v1


immer@^5.3.2:
  version "5.3.2"
  resolved "https://registry.yarnpkg.com/immer/-/immer-5.3.2.tgz#e3a1c9f3550f925278fd86b8d2d644f7d5e9561b"
  integrity sha512-wPWsSV0fv8iT7QQVs3rxBDWTbi5pHrVgnQv/McMfaRGJTLfQ3jFMEr08UibqS8hM17KCQXcjjYYzQzYe5e7BIA==
